<Solution>
  <Folder Name="/Solution Items/">
    <File Path="Directory.Build.props" />
    <File Path="Directory.Packages.props" />
    <File Path="global.json" />
    <File Path="README.md" />
  </Folder>
  <Project Path="GodotGame/GodotGame.csproj" />
  <Project Path="GodotGame.UI/GodotGame.UI.csproj" />
</Solution>
